// !$*UTF8*$!
{
	archiveVersion = 1;
	classes = {
	};
	objectVersion = 48;
	objects = {

/* Begin PBXBuildFile section */
		9B6CD46D1FD1092F00B16C78 /* calm.mp3 in Resources */ = {isa = PBXBuildFile; fileRef = 9B6CD46C1FD1092F00B16C78 /* calm.mp3 */; };
		9B8CF95F1FB4CA25003B6598 /* AppDelegate.swift in Sources */ = {isa = PBXBuildFile; fileRef = 9B8CF95E1FB4CA25003B6598 /* AppDelegate.swift */; };
		9B8CF9611FB4CA25003B6598 /* ViewController.swift in Sources */ = {isa = PBXBuildFile; fileRef = 9B8CF9601FB4CA25003B6598 /* ViewController.swift */; };
		9B8CF9641FB4CA25003B6598 /* Main.storyboard in Resources */ = {isa = PBXBuildFile; fileRef = 9B8CF9621FB4CA25003B6598 /* Main.storyboard */; };
		9B8CF9661FB4CA25003B6598 /* Assets.xcassets in Resources */ = {isa = PBXBuildFile; fileRef = 9B8CF9651FB4CA25003B6598 /* Assets.xcassets */; };
		9B8CF9691FB4CA25003B6598 /* LaunchScreen.storyboard in Resources */ = {isa = PBXBuildFile; fileRef = 9B8CF9671FB4CA25003B6598 /* LaunchScreen.storyboard */; };
		9B8CF9711FB4CE05003B6598 /* storage.swift in Sources */ = {isa = PBXBuildFile; fileRef = 9B8CF9701FB4CE05003B6598 /* storage.swift */; };
		9B8CF9731FB4CFFD003B6598 /* MyTableViewController.swift in Sources */ = {isa = PBXBuildFile; fileRef = 9B8CF9721FB4CFFD003B6598 /* MyTableViewController.swift */; };
		9B8CF9751FB4D2F2003B6598 /* MyTableViewCell.swift in Sources */ = {isa = PBXBuildFile; fileRef = 9B8CF9741FB4D2F2003B6598 /* MyTableViewCell.swift */; };
		9BF825C01FBB6D5100951A26 /* MyViewController.swift in Sources */ = {isa = PBXBuildFile; fileRef = 9BF825BF1FBB6D5100951A26 /* MyViewController.swift */; };
/* End PBXBuildFile section */

/* Begin PBXFileReference section */
		9B6CD46C1FD1092F00B16C78 /* calm.mp3 */ = {isa = PBXFileReference; lastKnownFileType = audio.mp3; path = calm.mp3; sourceTree = "<group>"; };
		9B8CF95B1FB4CA25003B6598 /* Final - KarolinaSabonaityte.app */ = {isa = PBXFileReference; explicitFileType = wrapper.application; includeInIndex = 0; path = "Final - KarolinaSabonaityte.app"; sourceTree = BUILT_PRODUCTS_DIR; };
		9B8CF95E1FB4CA25003B6598 /* AppDelegate.swift */ = {isa = PBXFileReference; lastKnownFileType = sourcecode.swift; path = AppDelegate.swift; sourceTree = "<group>"; };
		9B8CF9601FB4CA25003B6598 /* ViewController.swift */ = {isa = PBXFileReference; lastKnownFileType = sourcecode.swift; path = ViewController.swift; sourceTree = "<group>"; };
		9B8CF9631FB4CA25003B6598 /* Base */ = {isa = PBXFileReference; lastKnownFileType = file.storyboard; name = Base; path = Base.lproj/Main.storyboard; sourceTree = "<group>"; };
		9B8CF9651FB4CA25003B6598 /* Assets.xcassets */ = {isa = PBXFileReference; lastKnownFileType = folder.assetcatalog; path = Assets.xcassets; sourceTree = "<group>"; };
		9B8CF9681FB4CA25003B6598 /* Base */ = {isa = PBXFileReference; lastKnownFileType = file.storyboard; name = Base; path = Base.lproj/LaunchScreen.storyboard; sourceTree = "<group>"; };
		9B8CF96A1FB4CA25003B6598 /* Info.plist */ = {isa = PBXFileReference; lastKnownFileType = text.plist.xml; path = Info.plist; sourceTree = "<group>"; };
		9B8CF9701FB4CE05003B6598 /* storage.swift */ = {isa = PBXFileReference; lastKnownFileType = sourcecode.swift; path = storage.swift; sourceTree = "<group>"; };
		9B8CF9721FB4CFFD003B6598 /* MyTableViewController.swift */ = {isa = PBXFileReference; lastKnownFileType = sourcecode.swift; path = MyTableViewController.swift; sourceTree = "<group>"; };
		9B8CF9741FB4D2F2003B6598 /* MyTableViewCell.swift */ = {isa = PBXFileReference; lastKnownFileType = sourcecode.swift; path = MyTableViewCell.swift; sourceTree = "<group>"; };
		9BF825BF1FBB6D5100951A26 /* MyViewController.swift */ = {isa = PBXFileReference; lastKnownFileType = sourcecode.swift; path = MyViewController.swift; sourceTree = "<group>"; };
/* End PBXFileReference section */

/* Begin PBXFrameworksBuildPhase section */
		9B8CF9581FB4CA25003B6598 /* Frameworks */ = {
			isa = PBXFrameworksBuildPhase;
			buildActionMask = 2147483647;
			files = (
			);
			runOnlyForDeploymentPostprocessing = 0;
		};
/* End PBXFrameworksBuildPhase section */

/* Begin PBXGroup section */
		9B8CF9521FB4CA25003B6598 = {
			isa = PBXGroup;
			children = (
				9B6CD46C1FD1092F00B16C78 /* calm.mp3 */,
				9B8CF95D1FB4CA25003B6598 /* Final - KarolinaSabonaityte */,
				9B8CF95C1FB4CA25003B6598 /* Products */,
			);
			sourceTree = "<group>";
		};
		9B8CF95C1FB4CA25003B6598 /* Products */ = {
			isa = PBXGroup;
			children = (
				9B8CF95B1FB4CA25003B6598 /* Final - KarolinaSabonaityte.app */,
			);
			name = Products;
			sourceTree = "<group>";
		};
		9B8CF95D1FB4CA25003B6598 /* Final - KarolinaSabonaityte */ = {
			isa = PBXGroup;
			children = (
				9B8CF95E1FB4CA25003B6598 /* AppDelegate.swift */,
				9B8CF9601FB4CA25003B6598 /* ViewController.swift */,
				9B8CF9621FB4CA25003B6598 /* Main.storyboard */,
				9BF825BF1FBB6D5100951A26 /* MyViewController.swift */,
				9B8CF9741FB4D2F2003B6598 /* MyTableViewCell.swift */,
				9B8CF9721FB4CFFD003B6598 /* MyTableViewController.swift */,
				9B8CF9651FB4CA25003B6598 /* Assets.xcassets */,
				9B8CF9701FB4CE05003B6598 /* storage.swift */,
				9B8CF9671FB4CA25003B6598 /* LaunchScreen.storyboard */,
				9B8CF96A1FB4CA25003B6598 /* Info.plist */,
			);
			path = "Final - KarolinaSabonaityte";
			sourceTree = "<group>";
		};
/* End PBXGroup section */

/* Begin PBXNativeTarget section */
		9B8CF95A1FB4CA25003B6598 /* Final - KarolinaSabonaityte */ = {
			isa = PBXNativeTarget;
			buildConfigurationList = 9B8CF96D1FB4CA25003B6598 /* Build configuration list for PBXNativeTarget "Final - KarolinaSabonaityte" */;
			buildPhases = (
				9B8CF9571FB4CA25003B6598 /* Sources */,
				9B8CF9581FB4CA25003B6598 /* Frameworks */,
				9B8CF9591FB4CA25003B6598 /* Resources */,
			);
			buildRules = (
			);
			dependencies = (
			);
			name = "Final - KarolinaSabonaityte";
			productName = "Final - KarolinaSabonaityte";
			productReference = 9B8CF95B1FB4CA25003B6598 /* Final - KarolinaSabonaityte.app */;
			productType = "com.apple.product-type.application";
		};
/* End PBXNativeTarget section */

/* Begin PBXProject section */
		9B8CF9531FB4CA25003B6598 /* Project object */ = {
			isa = PBXProject;
			attributes = {
				LastSwiftUpdateCheck = 0900;
				LastUpgradeCheck = 0900;
				ORGANIZATIONNAME = "Karolina Sabonaityte";
				TargetAttributes = {
					9B8CF95A1FB4CA25003B6598 = {
						CreatedOnToolsVersion = 9.0.1;
						ProvisioningStyle = Automatic;
					};
				};
			};
			buildConfigurationList = 9B8CF9561FB4CA25003B6598 /* Build configuration list for PBXProject "Final - KarolinaSabonaityte" */;
			compatibilityVersion = "Xcode 8.0";
			developmentRegion = en;
			hasScannedForEncodings = 0;
			knownRegions = (
				en,
				Base,
			);
			mainGroup = 9B8CF9521FB4CA25003B6598;
			productRefGroup = 9B8CF95C1FB4CA25003B6598 /* Products */;
			projectDirPath = "";
			projectRoot = "";
			targets = (
				9B8CF95A1FB4CA25003B6598 /* Final - KarolinaSabonaityte */,
			);
		};
/* End PBXProject section */

/* Begin PBXResourcesBuildPhase section */
		9B8CF9591FB4CA25003B6598 /* Resources */ = {
			isa = PBXResourcesBuildPhase;
			buildActionMask = 2147483647;
			files = (
				9B8CF9691FB4CA25003B6598 /* LaunchScreen.storyboard in Resources */,
				9B8CF9661FB4CA25003B6598 /* Assets.xcassets in Resources */,
				9B8CF9641FB4CA25003B6598 /* Main.storyboard in Resources */,
				9B6CD46D1FD1092F00B16C78 /* calm.mp3 in Resources */,
			);
			runOnlyForDeploymentPostprocessing = 0;
		};
/* End PBXResourcesBuildPhase section */

/* Begin PBXSourcesBuildPhase section */
		9B8CF9571FB4CA25003B6598 /* Sources */ = {
			isa = PBXSourcesBuildPhase;
			buildActionMask = 2147483647;
			files = (
				9B8CF9711FB4CE05003B6598 /* storage.swift in Sources */,
				9B8CF9611FB4CA25003B6598 /* ViewController.swift in Sources */,
				9B8CF95F1FB4CA25003B6598 /* AppDelegate.swift in Sources */,
				9B8CF9751FB4D2F2003B6598 /* MyTableViewCell.swift in Sources */,
				9BF825C01FBB6D5100951A26 /* MyViewController.swift in Sources */,
				9B8CF9731FB4CFFD003B6598 /* MyTableViewController.swift in Sources */,
			);
			runOnlyForDeploymentPostprocessing = 0;
		};
/* End PBXSourcesBuildPhase section */

/* Begin PBXVariantGroup section */
		9B8CF9621FB4CA25003B6598 /* Main.storyboard */ = {
			isa = PBXVariantGroup;
			children = (
				9B8CF9631FB4CA25003B6598 /* Base */,
			);
			name = Main.storyboard;
			sourceTree = "<group>";
		};
		9B8CF9671FB4CA25003B6598 /* LaunchScreen.storyboard */ = {
			isa = PBXVariantGroup;
			children = (
				9B8CF9681FB4CA25003B6598 /* Base */,
			);
			name = LaunchScreen.storyboard;
			sourceTree = "<group>";
		};
/* End PBXVariantGroup section */

/* Begin XCBuildConfiguration section */
		9B8CF96B1FB4CA25003B6598 /* Debug */ = {
			isa = XCBuildConfiguration;
			buildSettings = {
				ALWAYS_SEARCH_USER_PATHS = NO;
				CLANG_ANALYZER_NONNULL = YES;
				CLANG_ANALYZER_NUMBER_OBJECT_CONVERSION = YES_AGGRESSIVE;
				CLANG_CXX_LANGUAGE_STANDARD = "gnu++14";
				CLANG_CXX_LIBRARY = "libc++";
				CLANG_ENABLE_MODULES = YES;
				CLANG_ENABLE_OBJC_ARC = YES;
				CLANG_WARN_BLOCK_CAPTURE_AUTORELEASING = YES;
				CLANG_WARN_BOOL_CONVERSION = YES;
				CLANG_WARN_COMMA = YES;
				CLANG_WARN_CONSTANT_CONVERSION = YES;
				CLANG_WARN_DIRECT_OBJC_ISA_USAGE = YES_ERROR;
				CLANG_WARN_DOCUMENTATION_COMMENTS = YES;
				CLANG_WARN_EMPTY_BODY = YES;
				CLANG_WARN_ENUM_CONVERSION = YES;
				CLANG_WARN_INFINITE_RECURSION = YES;
				CLANG_WARN_INT_CONVERSION = YES;
				CLANG_WARN_NON_LITERAL_NULL_CONVERSION = YES;
				CLANG_WARN_OBJC_LITERAL_CONVERSION = YES;
				CLANG_WARN_OBJC_ROOT_CLASS = YES_ERROR;
				CLANG_WARN_RANGE_LOOP_ANALYSIS = YES;
				CLANG_WARN_STRICT_PROTOTYPES = YES;
				CLANG_WARN_SUSPICIOUS_MOVE = YES;
				CLANG_WARN_UNGUARDED_AVAILABILITY = YES_AGGRESSIVE;
				CLANG_WARN_UNREACHABLE_CODE = YES;
				CLANG_WARN__DUPLICATE_METHOD_MATCH = YES;
				CODE_SIGN_IDENTITY = "iPhone Developer";
				COPY_PHASE_STRIP = NO;
				DEBUG_INFORMATION_FORMAT = dwarf;
				ENABLE_STRICT_OBJC_MSGSEND = YES;
				ENABLE_TESTABILITY = YES;
				GCC_C_LANGUAGE_STANDARD = gnu11;
				GCC_DYNAMIC_NO_PIC = NO;
				GCC_NO_COMMON_BLOCKS = YES;
				GCC_OPTIMIZATION_LEVEL = 0;
				GCC_PREPROCESSOR_DEFINITIONS = (
					"DEBUG=1",
					"$(inherited)",
				);
				GCC_WARN_64_TO_32_BIT_CONVERSION = YES;
				GCC_WARN_ABOUT_RETURN_TYPE = YES_ERROR;
				GCC_WARN_UNDECLARED_SELECTOR = YES;
				GCC_WARN_UNINITIALIZED_AUTOS = YES_AGGRESSIVE;
				GCC_WARN_UNUSED_FUNCTION = YES;
				GCC_WARN_UNUSED_VARIABLE = YES;
				IPHONEOS_DEPLOYMENT_TARGET = 11.0;
				MTL_ENABLE_DEBUG_INFO = YES;
				ONLY_ACTIVE_ARCH = YES;
				SDKROOT = iphoneos;
				SWIFT_ACTIVE_COMPILATION_CONDITIONS = DEBUG;
				SWIFT_OPTIMIZATION_LEVEL = "-Onone";
			};
			name = Debug;
		};
		9B8CF96C1FB4CA25003B6598 /* Release */ = {
			isa = XCBuildConfiguration;
			buildSettings = {
				ALWAYS_SEARCH_USER_PATHS = NO;
				CLANG_ANALYZER_NONNULL = YES;
				CLANG_ANALYZER_NUMBER_OBJECT_CONVERSION = YES_AGGRESSIVE;
				CLANG_CXX_LANGUAGE_STANDARD = "gnu++14";
				CLANG_CXX_LIBRARY = "libc++";
				CLANG_ENABLE_MODULES = YES;
				CLANG_ENABLE_OBJC_ARC = YES;
				CLANG_WARN_BLOCK_CAPTURE_AUTORELEASING = YES;
				CLANG_WARN_BOOL_CONVERSION = YES;
				CLANG_WARN_COMMA = YES;
				CLANG_WARN_CONSTANT_CONVERSION = YES;
				CLANG_WARN_DIRECT_OBJC_ISA_USAGE = YES_ERROR;
				CLANG_WARN_DOCUMENTATION_COMMENTS = YES;
				CLANG_WARN_EMPTY_BODY = YES;
				CLANG_WARN_ENUM_CONVERSION = YES;
				CLANG_WARN_INFINITE_RECURSION = YES;
				CLANG_WARN_INT_CONVERSION = YES;
				CLANG_WARN_NON_LITERAL_NULL_CONVERSION = YES;
				CLANG_WARN_OBJC_LITERAL_CONVERSION = YES;
				CLANG_WARN_OBJC_ROOT_CLASS = YES_ERROR;
				CLANG_WARN_RANGE_LOOP_ANALYSIS = YES;
				CLANG_WARN_STRICT_PROTOTYPES = YES;
				CLANG_WARN_SUSPICIOUS_MOVE = YES;
				CLANG_WARN_UNGUARDED_AVAILABILITY = YES_AGGRESSIVE;
				CLANG_WARN_UNREACHABLE_CODE = YES;
				CLANG_WARN__DUPLICATE_METHOD_MATCH = YES;
				CODE_SIGN_IDENTITY = "iPhone Developer";
				COPY_PHASE_STRIP = NO;
				DEBUG_INFORMATION_FORMAT = "dwarf-with-dsym";
				ENABLE_NS_ASSERTIONS = NO;
				ENABLE_STRICT_OBJC_MSGSEND = YES;
				GCC_C_LANGUAGE_STANDARD = gnu11;
				GCC_NO_COMMON_BLOCKS = YES;
				GCC_WARN_64_TO_32_BIT_CONVERSION = YES;
				GCC_WARN_ABOUT_RETURN_TYPE = YES_ERROR;
				GCC_WARN_UNDECLARED_SELECTOR = YES;
				GCC_WARN_UNINITIALIZED_AUTOS = YES_AGGRESSIVE;
				GCC_WARN_UNUSED_FUNCTION = YES;
				GCC_WARN_UNUSED_VARIABLE = YES;
				IPHONEOS_DEPLOYMENT_TARGET = 11.0;
				MTL_ENABLE_DEBUG_INFO = NO;
				SDKROOT = iphoneos;
				SWIFT_OPTIMIZATION_LEVEL = "-Owholemodule";
				VALIDATE_PRODUCT = YES;
			};
			name = Release;
		};
		9B8CF96E1FB4CA25003B6598 /* Debug */ = {
			isa = XCBuildConfiguration;
			buildSettings = {
				ASSETCATALOG_COMPILER_APPICON_NAME = AppIcon;
				CODE_SIGN_STYLE = Automatic;
				INFOPLIST_FILE = "Final - KarolinaSabonaityte/Info.plist";
				LD_RUNPATH_SEARCH_PATHS = "$(inherited) @executable_path/Frameworks";
				PRODUCT_BUNDLE_IDENTIFIER = "com.uga.Final---KarolinaSabonaityte";
				PRODUCT_NAME = "$(TARGET_NAME)";
				SWIFT_VERSION = 4.0;
				TARGETED_DEVICE_FAMILY = "1,2";
			};
			name = Debug;
		};
		9B8CF96F1FB4CA25003B6598 /* Release */ = {
			isa = XCBuildConfiguration;
			buildSettings = {
				ASSETCATALOG_COMPILER_APPICON_NAME = AppIcon;
				CODE_SIGN_STYLE = Automatic;
				INFOPLIST_FILE = "Final - KarolinaSabonaityte/Info.plist";
				LD_RUNPATH_SEARCH_PATHS = "$(inherited) @executable_path/Frameworks";
				PRODUCT_BUNDLE_IDENTIFIER = "com.uga.Final---KarolinaSabonaityte";
				PRODUCT_NAME = "$(TARGET_NAME)";
				SWIFT_VERSION = 4.0;
				TARGETED_DEVICE_FAMILY = "1,2";
			};
			name = Release;
		};
/* End XCBuildConfiguration section */

/* Begin XCConfigurationList section */
		9B8CF9561FB4CA25003B6598 /* Build configuration list for PBXProject "Final - KarolinaSabonaityte" */ = {
			isa = XCConfigurationList;
			buildConfigurations = (
				9B8CF96B1FB4CA25003B6598 /* Debug */,
				9B8CF96C1FB4CA25003B6598 /* Release */,
			);
			defaultConfigurationIsVisible = 0;
			defaultConfigurationName = Release;
		};
		9B8CF96D1FB4CA25003B6598 /* Build configuration list for PBXNativeTarget "Final - KarolinaSabonaityte" */ = {
			isa = XCConfigurationList;
			buildConfigurations = (
				9B8CF96E1FB4CA25003B6598 /* Debug */,
				9B8CF96F1FB4CA25003B6598 /* Release */,
			);
			defaultConfigurationIsVisible = 0;
			defaultConfigurationName = Release;
		};
/* End XCConfigurationList section */
	};
	rootObject = 9B8CF9531FB4CA25003B6598 /* Project object */;
}
